
Microsoft Visual Studio Solution File, Format Version 12.00
# Visual Studio 2015
Project("{FAE04EC0-301F-11D3-BF4B-00C04F79EFBC}") = "3DCombat.CSharp.Plugins", "3DCombat.CSharp.Plugins.csproj", "{93244E93-0146-61B9-5AE3-B3349F0DC03A}"
EndProject
Project("{FAE04EC0-301F-11D3-BF4B-00C04F79EFBC}") = "3DCombat.CSharp", "3DCombat.CSharp.csproj", "{69F04FAD-F2DF-9CCD-3215-A973B07758E2}"
EndProject
Project("{FAE04EC0-301F-11D3-BF4B-00C04F79EFBC}") = "3DCombat.CSharp.Editor", "3DCombat.CSharp.Editor.csproj", "{9E187D00-86D8-FD10-197B-47456F61ECF8}"
EndProject
Global
	GlobalSection(SolutionConfigurationPlatforms) = preSolution
		Debug|Any CPU = Debug|Any CPU
		Release|Any CPU = Release|Any CPU
	EndGlobalSection
	GlobalSection(ProjectConfigurationPlatforms) = postSolution
		{93244E93-0146-61B9-5AE3-B3349F0DC03A}.Debug|Any CPU.ActiveCfg = Debug|Any CPU
		{93244E93-0146-61B9-5AE3-B3349F0DC03A}.Debug|Any CPU.Build.0 = Debug|Any CPU
		{93244E93-0146-61B9-5AE3-B3349F0DC03A}.Release|Any CPU.ActiveCfg = Release|Any CPU
		{93244E93-0146-61B9-5AE3-B3349F0DC03A}.Release|Any CPU.Build.0 = Release|Any CPU
		{69F04FAD-F2DF-9CCD-3215-A973B07758E2}.Debug|Any CPU.ActiveCfg = Debug|Any CPU
		{69F04FAD-F2DF-9CCD-3215-A973B07758E2}.Debug|Any CPU.Build.0 = Debug|Any CPU
		{69F04FAD-F2DF-9CCD-3215-A973B07758E2}.Release|Any CPU.ActiveCfg = Release|Any CPU
		{69F04FAD-F2DF-9CCD-3215-A973B07758E2}.Release|Any CPU.Build.0 = Release|Any CPU
		{9E187D00-86D8-FD10-197B-47456F61ECF8}.Debug|Any CPU.ActiveCfg = Debug|Any CPU
		{9E187D00-86D8-FD10-197B-47456F61ECF8}.Debug|Any CPU.Build.0 = Debug|Any CPU
		{9E187D00-86D8-FD10-197B-47456F61ECF8}.Release|Any CPU.ActiveCfg = Release|Any CPU
		{9E187D00-86D8-FD10-197B-47456F61ECF8}.Release|Any CPU.Build.0 = Release|Any CPU
	EndGlobalSection
	GlobalSection(SolutionProperties) = preSolution
		HideSolutionNode = FALSE
	EndGlobalSection
EndGlobal
